// !$*UTF8*$!
{
	archiveVersion = 1;
	classes = {
	};
	objectVersion = 50;
	objects = {

/* Begin PBXBuildFile section */
		637CCE9C20E260480057AFDC /* AppDelegate.swift in Sources */ = {isa = PBXBuildFile; fileRef = 637CCE9B20E260480057AFDC /* AppDelegate.swift */; };
		637CCE9E20E260480057AFDC /* ViewController.swift in Sources */ = {isa = PBXBuildFile; fileRef = 637CCE9D20E260480057AFDC /* ViewController.swift */; };
		637CCEA120E260480057AFDC /* Main.storyboard in Resources */ = {isa = PBXBuildFile; fileRef = 637CCE9F20E260480057AFDC /* Main.storyboard */; };
		637CCEA320E2604A0057AFDC /* Assets.xcassets in Resources */ = {isa = PBXBuildFile; fileRef = 637CCEA220E2604A0057AFDC /* Assets.xcassets */; };
		637CCEA620E2604A0057AFDC /* LaunchScreen.storyboard in Resources */ = {isa = PBXBuildFile; fileRef = 637CCEA420E2604A0057AFDC /* LaunchScreen.storyboard */; };
		637CCEAE20E260660057AFDC /* index.html in Resources */ = {isa = PBXBuildFile; fileRef = 637CCEAD20E260660057AFDC /* index.html */; };
		63ACDF1620E36FBD001C24A0 /* iframe.html in Resources */ = {isa = PBXBuildFile; fileRef = 63ACDF1520E36FBD001C24A0 /* iframe.html */; };
/* End PBXBuildFile section */

/* Begin PBXFileReference section */
		637CCE9820E260480057AFDC /* TestWebMessages.app */ = {isa = PBXFileReference; explicitFileType = wrapper.application; includeInIndex = 0; path = TestWebMessages.app; sourceTree = BUILT_PRODUCTS_DIR; };
		637CCE9B20E260480057AFDC /* AppDelegate.swift */ = {isa = PBXFileReference; lastKnownFileType = sourcecode.swift; path = AppDelegate.swift; sourceTree = "<group>"; };
		637CCE9D20E260480057AFDC /* ViewController.swift */ = {isa = PBXFileReference; lastKnownFileType = sourcecode.swift; path = ViewController.swift; sourceTree = "<group>"; };
		637CCEA020E260480057AFDC /* Base */ = {isa = PBXFileReference; lastKnownFileType = file.storyboard; name = Base; path = Base.lproj/Main.storyboard; sourceTree = "<group>"; };
		637CCEA220E2604A0057AFDC /* Assets.xcassets */ = {isa = PBXFileReference; lastKnownFileType = folder.assetcatalog; path = Assets.xcassets; sourceTree = "<group>"; };
		637CCEA520E2604A0057AFDC /* Base */ = {isa = PBXFileReference; lastKnownFileType = file.storyboard; name = Base; path = Base.lproj/LaunchScreen.storyboard; sourceTree = "<group>"; };
		637CCEA720E2604A0057AFDC /* Info.plist */ = {isa = PBXFileReference; lastKnownFileType = text.plist.xml; path = Info.plist; sourceTree = "<group>"; };
		637CCEAD20E260660057AFDC /* index.html */ = {isa = PBXFileReference; lastKnownFileType = text.html; path = index.html; sourceTree = "<group>"; };
		63ACDF1520E36FBD001C24A0 /* iframe.html */ = {isa = PBXFileReference; lastKnownFileType = text.html; path = iframe.html; sourceTree = "<group>"; };
/* End PBXFileReference section */

/* Begin PBXFrameworksBuildPhase section */
		637CCE9520E260480057AFDC /* Frameworks */ = {
			isa = PBXFrameworksBuildPhase;
			buildActionMask = 2147483647;
			files = (
			);
			runOnlyForDeploymentPostprocessing = 0;
		};
/* End PBXFrameworksBuildPhase section */

/* Begin PBXGroup section */
		637CCE8F20E260480057AFDC = {
			isa = PBXGroup;
			children = (
				637CCE9A20E260480057AFDC /* TestWebMessages */,
				637CCE9920E260480057AFDC /* Products */,
			);
			sourceTree = "<group>";
		};
		637CCE9920E260480057AFDC /* Products */ = {
			isa = PBXGroup;
			children = (
				637CCE9820E260480057AFDC /* TestWebMessages.app */,
			);
			name = Products;
			sourceTree = "<group>";
		};
		637CCE9A20E260480057AFDC /* TestWebMessages */ = {
			isa = PBXGroup;
			children = (
				637CCE9B20E260480057AFDC /* AppDelegate.swift */,
				637CCE9D20E260480057AFDC /* ViewController.swift */,
				637CCE9F20E260480057AFDC /* Main.storyboard */,
				637CCEA220E2604A0057AFDC /* Assets.xcassets */,
				637CCEA420E2604A0057AFDC /* LaunchScreen.storyboard */,
				637CCEA720E2604A0057AFDC /* Info.plist */,
				637CCEAD20E260660057AFDC /* index.html */,
				63ACDF1520E36FBD001C24A0 /* iframe.html */,
			);
			path = TestWebMessages;
			sourceTree = "<group>";
		};
/* End PBXGroup section */

/* Begin PBXNativeTarget section */
		637CCE9720E260480057AFDC /* TestWebMessages */ = {
			isa = PBXNativeTarget;
			buildConfigurationList = 637CCEAA20E2604A0057AFDC /* Build configuration list for PBXNativeTarget "TestWebMessages" */;
			buildPhases = (
				637CCE9420E260480057AFDC /* Sources */,
				637CCE9520E260480057AFDC /* Frameworks */,
				637CCE9620E260480057AFDC /* Resources */,
			);
			buildRules = (
			);
			dependencies = (
			);
			name = TestWebMessages;
			productName = TestWebMessages;
			productReference = 637CCE9820E260480057AFDC /* TestWebMessages.app */;
			productType = "com.apple.product-type.application";
		};
/* End PBXNativeTarget section */

/* Begin PBXProject section */
		637CCE9020E260480057AFDC /* Project object */ = {
			isa = PBXProject;
			attributes = {
				LastSwiftUpdateCheck = 1000;
				LastUpgradeCheck = 1000;
				ORGANIZATIONNAME = fassko;
				TargetAttributes = {
					637CCE9720E260480057AFDC = {
						CreatedOnToolsVersion = 10.0;
					};
				};
			};
			buildConfigurationList = 637CCE9320E260480057AFDC /* Build configuration list for PBXProject "TestWebMessages" */;
			compatibilityVersion = "Xcode 9.3";
			developmentRegion = en;
			hasScannedForEncodings = 0;
			knownRegions = (
				en,
				Base,
			);
			mainGroup = 637CCE8F20E260480057AFDC;
			productRefGroup = 637CCE9920E260480057AFDC /* Products */;
			projectDirPath = "";
			projectRoot = "";
			targets = (
				637CCE9720E260480057AFDC /* TestWebMessages */,
			);
		};
/* End PBXProject section */

/* Begin PBXResourcesBuildPhase section */
		637CCE9620E260480057AFDC /* Resources */ = {
			isa = PBXResourcesBuildPhase;
			buildActionMask = 2147483647;
			files = (
				63ACDF1620E36FBD001C24A0 /* iframe.html in Resources */,
				637CCEA620E2604A0057AFDC /* LaunchScreen.storyboard in Resources */,
				637CCEAE20E260660057AFDC /* index.html in Resources */,
				637CCEA320E2604A0057AFDC /* Assets.xcassets in Resources */,
				637CCEA120E260480057AFDC /* Main.storyboard in Resources */,
			);
			runOnlyForDeploymentPostprocessing = 0;
		};
/* End PBXResourcesBuildPhase section */

/* Begin PBXSourcesBuildPhase section */
		637CCE9420E260480057AFDC /* Sources */ = {
			isa = PBXSourcesBuildPhase;
			buildActionMask = 2147483647;
			files = (
				637CCE9E20E260480057AFDC /* ViewController.swift in Sources */,
				637CCE9C20E260480057AFDC /* AppDelegate.swift in Sources */,
			);
			runOnlyForDeploymentPostprocessing = 0;
		};
/* End PBXSourcesBuildPhase section */

/* Begin PBXVariantGroup section */
		637CCE9F20E260480057AFDC /* Main.storyboard */ = {
			isa = PBXVariantGroup;
			children = (
				637CCEA020E260480057AFDC /* Base */,
			);
			name = Main.storyboard;
			sourceTree = "<group>";
		};
		637CCEA420E2604A0057AFDC /* LaunchScreen.storyboard */ = {
			isa = PBXVariantGroup;
			children = (
				637CCEA520E2604A0057AFDC /* Base */,
			);
			name = LaunchScreen.storyboard;
			sourceTree = "<group>";
		};
/* End PBXVariantGroup section */

/* Begin XCBuildConfiguration section */
		637CCEA820E2604A0057AFDC /* Debug */ = {
			isa = XCBuildConfiguration;
			buildSettings = {
				ALWAYS_SEARCH_USER_PATHS = NO;
				CLANG_ANALYZER_NONNULL = YES;
				CLANG_ANALYZER_NUMBER_OBJECT_CONVERSION = YES_AGGRESSIVE;
				CLANG_CXX_LANGUAGE_STANDARD = "gnu++14";
				CLANG_CXX_LIBRARY = "libc++";
				CLANG_ENABLE_MODULES = YES;
				CLANG_ENABLE_OBJC_ARC = YES;
				CLANG_ENABLE_OBJC_WEAK = YES;
				CLANG_WARN_BLOCK_CAPTURE_AUTORELEASING = YES;
				CLANG_WARN_BOOL_CONVERSION = YES;
				CLANG_WARN_COMMA = YES;
				CLANG_WARN_CONSTANT_CONVERSION = YES;
				CLANG_WARN_DEPRECATED_OBJC_IMPLEMENTATIONS = YES;
				CLANG_WARN_DIRECT_OBJC_ISA_USAGE = YES_ERROR;
				CLANG_WARN_DOCUMENTATION_COMMENTS = YES;
				CLANG_WARN_EMPTY_BODY = YES;
				CLANG_WARN_ENUM_CONVERSION = YES;
				CLANG_WARN_INFINITE_RECURSION = YES;
				CLANG_WARN_INT_CONVERSION = YES;
				CLANG_WARN_NON_LITERAL_NULL_CONVERSION = YES;
				CLANG_WARN_OBJC_IMPLICIT_RETAIN_SELF = YES;
				CLANG_WARN_OBJC_LITERAL_CONVERSION = YES;
				CLANG_WARN_OBJC_ROOT_CLASS = YES_ERROR;
				CLANG_WARN_RANGE_LOOP_ANALYSIS = YES;
				CLANG_WARN_STRICT_PROTOTYPES = YES;
				CLANG_WARN_SUSPICIOUS_MOVE = YES;
				CLANG_WARN_UNGUARDED_AVAILABILITY = YES_AGGRESSIVE;
				CLANG_WARN_UNREACHABLE_CODE = YES;
				CLANG_WARN__DUPLICATE_METHOD_MATCH = YES;
				CODE_SIGN_IDENTITY = "iPhone Developer";
				COPY_PHASE_STRIP = NO;
				DEBUG_INFORMATION_FORMAT = dwarf;
				ENABLE_STRICT_OBJC_MSGSEND = YES;
				ENABLE_TESTABILITY = YES;
				GCC_C_LANGUAGE_STANDARD = gnu11;
				GCC_DYNAMIC_NO_PIC = NO;
				GCC_NO_COMMON_BLOCKS = YES;
				GCC_OPTIMIZATION_LEVEL = 0;
				GCC_PREPROCESSOR_DEFINITIONS = (
					"DEBUG=1",
					"$(inherited)",
				);
				GCC_WARN_64_TO_32_BIT_CONVERSION = YES;
				GCC_WARN_ABOUT_RETURN_TYPE = YES_ERROR;
				GCC_WARN_UNDECLARED_SELECTOR = YES;
				GCC_WARN_UNINITIALIZED_AUTOS = YES_AGGRESSIVE;
				GCC_WARN_UNUSED_FUNCTION = YES;
				GCC_WARN_UNUSED_VARIABLE = YES;
				IPHONEOS_DEPLOYMENT_TARGET = 12.0;
				MTL_ENABLE_DEBUG_INFO = INCLUDE_SOURCE;
				ONLY_ACTIVE_ARCH = YES;
				SDKROOT = iphoneos;
				SWIFT_ACTIVE_COMPILATION_CONDITIONS = DEBUG;
				SWIFT_OPTIMIZATION_LEVEL = "-Onone";
			};
			name = Debug;
		};
		637CCEA920E2604A0057AFDC /* Release */ = {
			isa = XCBuildConfiguration;
			buildSettings = {
				ALWAYS_SEARCH_USER_PATHS = NO;
				CLANG_ANALYZER_NONNULL = YES;
				CLANG_ANALYZER_NUMBER_OBJECT_CONVERSION = YES_AGGRESSIVE;
				CLANG_CXX_LANGUAGE_STANDARD = "gnu++14";
				CLANG_CXX_LIBRARY = "libc++";
				CLANG_ENABLE_MODULES = YES;
				CLANG_ENABLE_OBJC_ARC = YES;
				CLANG_ENABLE_OBJC_WEAK = YES;
				CLANG_WARN_BLOCK_CAPTURE_AUTORELEASING = YES;
				CLANG_WARN_BOOL_CONVERSION = YES;
				CLANG_WARN_COMMA = YES;
				CLANG_WARN_CONSTANT_CONVERSION = YES;
				CLANG_WARN_DEPRECATED_OBJC_IMPLEMENTATIONS = YES;
				CLANG_WARN_DIRECT_OBJC_ISA_USAGE = YES_ERROR;
				CLANG_WARN_DOCUMENTATION_COMMENTS = YES;
				CLANG_WARN_EMPTY_BODY = YES;
				CLANG_WARN_ENUM_CONVERSION = YES;
				CLANG_WARN_INFINITE_RECURSION = YES;
				CLANG_WARN_INT_CONVERSION = YES;
				CLANG_WARN_NON_LITERAL_NULL_CONVERSION = YES;
				CLANG_WARN_OBJC_IMPLICIT_RETAIN_SELF = YES;
				CLANG_WARN_OBJC_LITERAL_CONVERSION = YES;
				CLANG_WARN_OBJC_ROOT_CLASS = YES_ERROR;
				CLANG_WARN_RANGE_LOOP_ANALYSIS = YES;
				CLANG_WARN_STRICT_PROTOTYPES = YES;
				CLANG_WARN_SUSPICIOUS_MOVE = YES;
				CLANG_WARN_UNGUARDED_AVAILABILITY = YES_AGGRESSIVE;
				CLANG_WARN_UNREACHABLE_CODE = YES;
				CLANG_WARN__DUPLICATE_METHOD_MATCH = YES;
				CODE_SIGN_IDENTITY = "iPhone Developer";
				COPY_PHASE_STRIP = NO;
				DEBUG_INFORMATION_FORMAT = "dwarf-with-dsym";
				ENABLE_NS_ASSERTIONS = NO;
				ENABLE_STRICT_OBJC_MSGSEND = YES;
				GCC_C_LANGUAGE_STANDARD = gnu11;
				GCC_NO_COMMON_BLOCKS = YES;
				GCC_WARN_64_TO_32_BIT_CONVERSION = YES;
				GCC_WARN_ABOUT_RETURN_TYPE = YES_ERROR;
				GCC_WARN_UNDECLARED_SELECTOR = YES;
				GCC_WARN_UNINITIALIZED_AUTOS = YES_AGGRESSIVE;
				GCC_WARN_UNUSED_FUNCTION = YES;
				GCC_WARN_UNUSED_VARIABLE = YES;
				IPHONEOS_DEPLOYMENT_TARGET = 12.0;
				MTL_ENABLE_DEBUG_INFO = NO;
				SDKROOT = iphoneos;
				SWIFT_COMPILATION_MODE = wholemodule;
				SWIFT_OPTIMIZATION_LEVEL = "-O";
				VALIDATE_PRODUCT = YES;
			};
			name = Release;
		};
		637CCEAB20E2604A0057AFDC /* Debug */ = {
			isa = XCBuildConfiguration;
			buildSettings = {
				ASSETCATALOG_COMPILER_APPICON_NAME = AppIcon;
				CODE_SIGN_STYLE = Automatic;
				DEVELOPMENT_TEAM = 3SGNZQGS68;
				INFOPLIST_FILE = TestWebMessages/Info.plist;
				LD_RUNPATH_SEARCH_PATHS = (
					"$(inherited)",
					"@executable_path/Frameworks",
				);
				PRODUCT_BUNDLE_IDENTIFIER = com.fassko.TestWebMessages;
				PRODUCT_NAME = "$(TARGET_NAME)";
				SWIFT_VERSION = 4.2;
				TARGETED_DEVICE_FAMILY = "1,2";
			};
			name = Debug;
		};
		637CCEAC20E2604A0057AFDC /* Release */ = {
			isa = XCBuildConfiguration;
			buildSettings = {
				ASSETCATALOG_COMPILER_APPICON_NAME = AppIcon;
				CODE_SIGN_STYLE = Automatic;
				DEVELOPMENT_TEAM = 3SGNZQGS68;
				INFOPLIST_FILE = TestWebMessages/Info.plist;
				LD_RUNPATH_SEARCH_PATHS = (
					"$(inherited)",
					"@executable_path/Frameworks",
				);
				PRODUCT_BUNDLE_IDENTIFIER = com.fassko.TestWebMessages;
				PRODUCT_NAME = "$(TARGET_NAME)";
				SWIFT_VERSION = 4.2;
				TARGETED_DEVICE_FAMILY = "1,2";
			};
			name = Release;
		};
/* End XCBuildConfiguration section */

/* Begin XCConfigurationList section */
		637CCE9320E260480057AFDC /* Build configuration list for PBXProject "TestWebMessages" */ = {
			isa = XCConfigurationList;
			buildConfigurations = (
				637CCEA820E2604A0057AFDC /* Debug */,
				637CCEA920E2604A0057AFDC /* Release */,
			);
			defaultConfigurationIsVisible = 0;
			defaultConfigurationName = Release;
		};
		637CCEAA20E2604A0057AFDC /* Build configuration list for PBXNativeTarget "TestWebMessages" */ = {
			isa = XCConfigurationList;
			buildConfigurations = (
				637CCEAB20E2604A0057AFDC /* Debug */,
				637CCEAC20E2604A0057AFDC /* Release */,
			);
			defaultConfigurationIsVisible = 0;
			defaultConfigurationName = Release;
		};
/* End XCConfigurationList section */
	};
	rootObject = 637CCE9020E260480057AFDC /* Project object */;
}
